
Microsoft Visual Studio Solution File, Format Version 12.00
# Visual Studio 15
VisualStudioVersion = 15.0.26124.0
MinimumVisualStudioVersion = 15.0.26124.0
Project("{2150E333-8FDC-42A3-9474-1A3956D46DE8}") = "src", "src", "{D4737AA6-1B36-4434-BD53-A565CB69D79F}"
EndProject
Project("{FAE04EC0-301F-11D3-BF4B-00C04F79EFBC}") = "GraphQL.StarWars.Api", "src\GraphQL.StarWars.Api\GraphQL.StarWars.Api.csproj", "{A6234291-92A5-4D8C-8B7C-0003896D5B80}"
EndProject
Project("{FAE04EC0-301F-11D3-BF4B-00C04F79EFBC}") = "GraphQL.StarWars.Repositories", "src\GraphQL.StarWars.Repositories\GraphQL.StarWars.Repositories.csproj", "{0A1A0C38-ED76-400D-B310-6A8A843920A3}"
EndProject
Global
	GlobalSection(SolutionConfigurationPlatforms) = preSolution
		Debug|Any CPU = Debug|Any CPU
		Debug|x64 = Debug|x64
		Debug|x86 = Debug|x86
		Release|Any CPU = Release|Any CPU
		Release|x64 = Release|x64
		Release|x86 = Release|x86
	EndGlobalSection
	GlobalSection(SolutionProperties) = preSolution
		HideSolutionNode = FALSE
	EndGlobalSection
	GlobalSection(ProjectConfigurationPlatforms) = postSolution
		{A6234291-92A5-4D8C-8B7C-0003896D5B80}.Debug|Any CPU.ActiveCfg = Debug|Any CPU
		{A6234291-92A5-4D8C-8B7C-0003896D5B80}.Debug|Any CPU.Build.0 = Debug|Any CPU
		{A6234291-92A5-4D8C-8B7C-0003896D5B80}.Debug|x64.ActiveCfg = Debug|Any CPU
		{A6234291-92A5-4D8C-8B7C-0003896D5B80}.Debug|x64.Build.0 = Debug|Any CPU
		{A6234291-92A5-4D8C-8B7C-0003896D5B80}.Debug|x86.ActiveCfg = Debug|Any CPU
		{A6234291-92A5-4D8C-8B7C-0003896D5B80}.Debug|x86.Build.0 = Debug|Any CPU
		{A6234291-92A5-4D8C-8B7C-0003896D5B80}.Release|Any CPU.ActiveCfg = Release|Any CPU
		{A6234291-92A5-4D8C-8B7C-0003896D5B80}.Release|Any CPU.Build.0 = Release|Any CPU
		{A6234291-92A5-4D8C-8B7C-0003896D5B80}.Release|x64.ActiveCfg = Release|Any CPU
		{A6234291-92A5-4D8C-8B7C-0003896D5B80}.Release|x64.Build.0 = Release|Any CPU
		{A6234291-92A5-4D8C-8B7C-0003896D5B80}.Release|x86.ActiveCfg = Release|Any CPU
		{A6234291-92A5-4D8C-8B7C-0003896D5B80}.Release|x86.Build.0 = Release|Any CPU
		{0A1A0C38-ED76-400D-B310-6A8A843920A3}.Debug|Any CPU.ActiveCfg = Debug|Any CPU
		{0A1A0C38-ED76-400D-B310-6A8A843920A3}.Debug|Any CPU.Build.0 = Debug|Any CPU
		{0A1A0C38-ED76-400D-B310-6A8A843920A3}.Debug|x64.ActiveCfg = Debug|Any CPU
		{0A1A0C38-ED76-400D-B310-6A8A843920A3}.Debug|x64.Build.0 = Debug|Any CPU
		{0A1A0C38-ED76-400D-B310-6A8A843920A3}.Debug|x86.ActiveCfg = Debug|Any CPU
		{0A1A0C38-ED76-400D-B310-6A8A843920A3}.Debug|x86.Build.0 = Debug|Any CPU
		{0A1A0C38-ED76-400D-B310-6A8A843920A3}.Release|Any CPU.ActiveCfg = Release|Any CPU
		{0A1A0C38-ED76-400D-B310-6A8A843920A3}.Release|Any CPU.Build.0 = Release|Any CPU
		{0A1A0C38-ED76-400D-B310-6A8A843920A3}.Release|x64.ActiveCfg = Release|Any CPU
		{0A1A0C38-ED76-400D-B310-6A8A843920A3}.Release|x64.Build.0 = Release|Any CPU
		{0A1A0C38-ED76-400D-B310-6A8A843920A3}.Release|x86.ActiveCfg = Release|Any CPU
		{0A1A0C38-ED76-400D-B310-6A8A843920A3}.Release|x86.Build.0 = Release|Any CPU
	EndGlobalSection
	GlobalSection(NestedProjects) = preSolution
		{A6234291-92A5-4D8C-8B7C-0003896D5B80} = {D4737AA6-1B36-4434-BD53-A565CB69D79F}
		{0A1A0C38-ED76-400D-B310-6A8A843920A3} = {D4737AA6-1B36-4434-BD53-A565CB69D79F}
	EndGlobalSection
EndGlobal
